<?xml version="1.0" encoding="utf-8"?>
<Project ToolsVersion="4.0" xmlns:atg="http://atg.xbox.com" xmlns="http://schemas.microsoft.com/developer/msbuild/2003">
  <ItemGroup>
    <Filter Include="Assets">
      <UniqueIdentifier>{ed0b04a6-fecd-4a2c-a462-59a8f4639f36}</UniqueIdentifier>
    </Filter>
    <Filter Include="Resource Files">
      <UniqueIdentifier>{8e114980-c1a3-4ada-ad7c-83caadf5daeb}</UniqueIdentifier>
      <Extensions>rc;ico;cur;bmp;dlg;rc2;rct;bin;rgs;gif;jpg;jpeg;jpe</Extensions>
    </Filter>
    <Filter Include="Assets\modelData">
      <UniqueIdentifier>{06086914-6aa4-4cad-9b07-6f9d357f04df}</UniqueIdentifier>
    </Filter>
    <Filter Include="Assets\sprite">
      <UniqueIdentifier>{a6ce300a-b532-440d-b914-b4661d3015ad}</UniqueIdentifier>
    </Filter>
    <Filter Include="Assets\modelData\Theif">
      <UniqueIdentifier>{f0683f9c-ae60-4f8e-84ea-15d8f7bd5ca5}</UniqueIdentifier>
    </Filter>
    <Filter Include="Camera">
      <UniqueIdentifier>{112d6df6-f398-4eb4-a880-a8a7f8f2d408}</UniqueIdentifier>
    </Filter>
    <Filter Include="BackGround">
      <UniqueIdentifier>{693e5a65-e33c-47f6-a75e-c8907703bbe7}</UniqueIdentifier>
    </Filter>
    <Filter Include="Assets\modelData\map">
      <UniqueIdentifier>{e8990852-d4c3-466b-ae9d-1ab6732ecf6d}</UniqueIdentifier>
    </Filter>
    <Filter Include="Fairy">
      <UniqueIdentifier>{a61885ef-f0e5-4266-943b-5edb218caea2}</UniqueIdentifier>
    </Filter>
    <Filter Include="Assets\modelData\fairy">
      <UniqueIdentifier>{2d49cfb5-b021-4ce9-967d-6770b34309dd}</UniqueIdentifier>
    </Filter>
  </ItemGroup>
  <ItemGroup>
    <ClCompile Include="main.cpp" />
    <ClCompile Include="stdafx.cpp" />
    <ClCompile Include="Game.cpp" />
    <ClCompile Include="Player.cpp" />
    <ClCompile Include="Camera\GameCamera.cpp">
      <Filter>Camera</Filter>
    </ClCompile>
    <ClCompile Include="BackGround\BackGround.cpp">
      <Filter>BackGround</Filter>
    </ClCompile>
    <ClCompile Include="Fairy\Fairy.cpp">
      <Filter>Fairy</Filter>
    </ClCompile>
  </ItemGroup>
  <ItemGroup>
    <CLInclude Include="resource.h">
      <Filter>Resource Files</Filter>
    </CLInclude>
    <ClInclude Include="stdafx.h" />
    <ClInclude Include="Game.h" />
    <ClInclude Include="Player.h" />
    <ClInclude Include="Camera\GameCamera.h">
      <Filter>Camera</Filter>
    </ClInclude>
    <ClInclude Include="BackGround\BackGround.h">
      <Filter>BackGround</Filter>
    </ClInclude>
    <ClInclude Include="Fairy\Fairy.h">
      <Filter>Fairy</Filter>
    </ClInclude>
  </ItemGroup>
  <ItemGroup>
    <ResourceCompile Include="Game.rc">
      <Filter>Resource Files</Filter>
    </ResourceCompile>
  </ItemGroup>
  <ItemGroup>
    <MeshContentTask Include="Assets\modelData\unityChan.fbx">
      <Filter>Assets\modelData</Filter>
    </MeshContentTask>
    <MeshContentTask Include="Assets\modelData\Theif\Thethief_H.FBX">
      <Filter>Assets\modelData\Theif</Filter>
    </MeshContentTask>
    <MeshContentTask Include="Assets\modelData\map\tesmap.fbx">
      <Filter>Assets\modelData\map</Filter>
    </MeshContentTask>
    <MeshContentTask Include="Assets\modelData\fairy\fairy.FBX">
      <Filter>Assets\modelData\fairy</Filter>
    </MeshContentTask>
  </ItemGroup>
  <ItemGroup>
    <ImageContentTask Include="Assets\sprite\dummy.png">
      <Filter>Assets\sprite</Filter>
    </ImageContentTask>
  </ItemGroup>
</Project>