<?xml version="1.0" encoding="utf-8"?>
<Project ToolsVersion="4.0" xmlns:atg="http://atg.xbox.com" xmlns="http://schemas.microsoft.com/developer/msbuild/2003">
  <ItemGroup>
    <Filter Include="Assets">
      <UniqueIdentifier>{ed0b04a6-fecd-4a2c-a462-59a8f4639f36}</UniqueIdentifier>
    </Filter>
    <Filter Include="Resource Files">
      <UniqueIdentifier>{8e114980-c1a3-4ada-ad7c-83caadf5daeb}</UniqueIdentifier>
      <Extensions>rc;ico;cur;bmp;dlg;rc2;rct;bin;rgs;gif;jpg;jpeg;jpe</Extensions>
    </Filter>
    <Filter Include="Assets\modelData">
      <UniqueIdentifier>{06086914-6aa4-4cad-9b07-6f9d357f04df}</UniqueIdentifier>
    </Filter>
    <Filter Include="Assets\sprite">
      <UniqueIdentifier>{a6ce300a-b532-440d-b914-b4661d3015ad}</UniqueIdentifier>
    </Filter>
    <Filter Include="Assets\modelData\Theif">
      <UniqueIdentifier>{f0683f9c-ae60-4f8e-84ea-15d8f7bd5ca5}</UniqueIdentifier>
    </Filter>
    <Filter Include="Camera">
      <UniqueIdentifier>{112d6df6-f398-4eb4-a880-a8a7f8f2d408}</UniqueIdentifier>
    </Filter>
    <Filter Include="BackGround">
      <UniqueIdentifier>{693e5a65-e33c-47f6-a75e-c8907703bbe7}</UniqueIdentifier>
    </Filter>
    <Filter Include="Assets\modelData\map">
      <UniqueIdentifier>{e8990852-d4c3-466b-ae9d-1ab6732ecf6d}</UniqueIdentifier>
    </Filter>
    <Filter Include="Pixie">
      <UniqueIdentifier>{a61885ef-f0e5-4266-943b-5edb218caea2}</UniqueIdentifier>
    </Filter>
    <Filter Include="Assets\modelData\pixie">
      <UniqueIdentifier>{2d49cfb5-b021-4ce9-967d-6770b34309dd}</UniqueIdentifier>
    </Filter>
    <Filter Include="Creature">
      <UniqueIdentifier>{9a38c16f-d6e6-4ad8-9251-cfa28236081f}</UniqueIdentifier>
    </Filter>
    <Filter Include="test">
      <UniqueIdentifier>{240eed7a-22c0-4c40-b68f-eb0d1b301411}</UniqueIdentifier>
    </Filter>
    <Filter Include="Assets\modelData\tes">
      <UniqueIdentifier>{4872b2e3-55c5-442e-b1d2-493f339f8520}</UniqueIdentifier>
    </Filter>
    <Filter Include="Enemy">
      <UniqueIdentifier>{8fc6343c-fa59-453e-b1aa-27dc43bef851}</UniqueIdentifier>
    </Filter>
    <Filter Include="Assets\modelData\mamono">
      <UniqueIdentifier>{6891d618-72f7-41a8-a27d-e7973092d387}</UniqueIdentifier>
    </Filter>
    <Filter Include="Q">
      <UniqueIdentifier>{2f0ccfa6-80ae-46f6-baec-3bb6d9296625}</UniqueIdentifier>
    </Filter>
    <Filter Include="SystemGraphics">
      <UniqueIdentifier>{5850fc91-980c-4167-b7c8-210d9ab7df6d}</UniqueIdentifier>
    </Filter>
    <Filter Include="Assets\modelData\op">
      <UniqueIdentifier>{6dbd26fe-a9fc-4225-b964-49208b84f490}</UniqueIdentifier>
    </Filter>
    <Filter Include="Config">
      <UniqueIdentifier>{ac12ece1-fb84-4a46-8711-aa53f3664c5f}</UniqueIdentifier>
    </Filter>
    <Filter Include="Assets\effect">
      <UniqueIdentifier>{7640fcf7-3500-4a9d-a295-c8f803ffadb0}</UniqueIdentifier>
    </Filter>
    <Filter Include="Assets\effect\Texture">
      <UniqueIdentifier>{c046b9f4-58c5-436e-95ed-c58f06b9539d}</UniqueIdentifier>
    </Filter>
    <Filter Include="Assets\sprite\char">
      <UniqueIdentifier>{1ba03beb-41ee-41b5-81e9-74fca308292d}</UniqueIdentifier>
    </Filter>
    <Filter Include="SaveLoad">
      <UniqueIdentifier>{02ae75cf-9cef-4411-86a8-c12f707bb4df}</UniqueIdentifier>
    </Filter>
    <Filter Include="Assets\sprite\go">
      <UniqueIdentifier>{189fc1c3-ebf0-482d-aa90-d063f74743e6}</UniqueIdentifier>
    </Filter>
  </ItemGroup>
  <ItemGroup>
    <ClCompile Include="main.cpp" />
    <ClCompile Include="stdafx.cpp" />
    <ClCompile Include="Game.cpp" />
    <ClCompile Include="Player.cpp" />
    <ClCompile Include="Camera\GameCamera.cpp">
      <Filter>Camera</Filter>
    </ClCompile>
    <ClCompile Include="BackGround\BackGround.cpp">
      <Filter>BackGround</Filter>
    </ClCompile>
    <ClCompile Include="Pixie\Pixie.cpp">
      <Filter>Pixie</Filter>
    </ClCompile>
    <ClCompile Include="Creature\Creature.cpp">
      <Filter>Creature</Filter>
    </ClCompile>
    <ClCompile Include="Creature\CreatureManager.cpp">
      <Filter>Creature</Filter>
    </ClCompile>
    <ClCompile Include="test\test.cpp">
      <Filter>test</Filter>
    </ClCompile>
    <ClCompile Include="Pixie\PixieSpawner.cpp">
      <Filter>Pixie</Filter>
    </ClCompile>
    <ClCompile Include="Enemy\Enemy.cpp">
      <Filter>Enemy</Filter>
    </ClCompile>
    <ClCompile Include="Enemy\EnemySpawner.cpp">
      <Filter>Enemy</Filter>
    </ClCompile>
    <ClCompile Include="Q\Q.cpp">
      <Filter>Q</Filter>
    </ClCompile>
    <ClCompile Include="BackGround\MapPiece.cpp">
      <Filter>BackGround</Filter>
    </ClCompile>
    <ClCompile Include="SystemGraphics\Loading.cpp">
      <Filter>SystemGraphics</Filter>
    </ClCompile>
    <ClCompile Include="BackGround\RootFind.cpp">
      <Filter>BackGround</Filter>
    </ClCompile>
    <ClCompile Include="BackGround\DebugBackGround.cpp">
      <Filter>BackGround</Filter>
    </ClCompile>
    <ClCompile Include="BackGround\Lighting.cpp">
      <Filter>BackGround</Filter>
    </ClCompile>
    <ClCompile Include="SystemGraphics\StartMenu.cpp">
      <Filter>SystemGraphics</Filter>
    </ClCompile>
    <ClCompile Include="SystemGraphics\Opening.cpp">
      <Filter>SystemGraphics</Filter>
    </ClCompile>
    <ClCompile Include="SystemGraphics\opChara.cpp">
      <Filter>SystemGraphics</Filter>
    </ClCompile>
    <ClCompile Include="SystemGraphics\Fade.cpp">
      <Filter>SystemGraphics</Filter>
    </ClCompile>
    <ClCompile Include="SystemGraphics\Title.cpp">
      <Filter>SystemGraphics</Filter>
    </ClCompile>
    <ClCompile Include="SystemGraphics\Timer.cpp">
      <Filter>SystemGraphics</Filter>
    </ClCompile>
    <ClCompile Include="Config\Difficulty.cpp">
      <Filter>Config</Filter>
    </ClCompile>
    <ClCompile Include="SystemGraphics\GameClear.cpp">
      <Filter>SystemGraphics</Filter>
    </ClCompile>
    <ClCompile Include="SaveLoad\SaveLoad.cpp">
      <Filter>SaveLoad</Filter>
    </ClCompile>
  </ItemGroup>
  <ItemGroup>
    <CLInclude Include="resource.h">
      <Filter>Resource Files</Filter>
    </CLInclude>
    <ClInclude Include="stdafx.h" />
    <ClInclude Include="Game.h" />
    <ClInclude Include="Player.h" />
    <ClInclude Include="Camera\GameCamera.h">
      <Filter>Camera</Filter>
    </ClInclude>
    <ClInclude Include="BackGround\BackGround.h">
      <Filter>BackGround</Filter>
    </ClInclude>
    <ClInclude Include="Pixie\Pixie.h">
      <Filter>Pixie</Filter>
    </ClInclude>
    <ClInclude Include="Creature\Creature.h">
      <Filter>Creature</Filter>
    </ClInclude>
    <ClInclude Include="Creature\CreatureManager.h">
      <Filter>Creature</Filter>
    </ClInclude>
    <ClInclude Include="test\test.h">
      <Filter>test</Filter>
    </ClInclude>
    <ClInclude Include="Pixie\PixieSpawner.h">
      <Filter>Pixie</Filter>
    </ClInclude>
    <ClInclude Include="Enemy\Enemy.h">
      <Filter>Enemy</Filter>
    </ClInclude>
    <ClInclude Include="Enemy\EnemySpawner.h">
      <Filter>Enemy</Filter>
    </ClInclude>
    <ClInclude Include="Q\Q.h">
      <Filter>Q</Filter>
    </ClInclude>
    <ClInclude Include="BackGround\MapPiece.h">
      <Filter>BackGround</Filter>
    </ClInclude>
    <ClInclude Include="SystemGraphics\Loading.h">
      <Filter>SystemGraphics</Filter>
    </ClInclude>
    <ClInclude Include="BackGround\RootFind.h">
      <Filter>BackGround</Filter>
    </ClInclude>
    <ClInclude Include="BackGround\DebugBackGround.h">
      <Filter>BackGround</Filter>
    </ClInclude>
    <ClInclude Include="BackGround\Lighting.h">
      <Filter>BackGround</Filter>
    </ClInclude>
    <ClInclude Include="SystemGraphics\Opening.h">
      <Filter>SystemGraphics</Filter>
    </ClInclude>
    <ClInclude Include="SystemGraphics\StartMenu.h">
      <Filter>SystemGraphics</Filter>
    </ClInclude>
    <ClInclude Include="SystemGraphics\opChara.h">
      <Filter>SystemGraphics</Filter>
    </ClInclude>
    <ClInclude Include="SystemGraphics\Fade.h">
      <Filter>SystemGraphics</Filter>
    </ClInclude>
    <ClInclude Include="SystemGraphics\Title.h">
      <Filter>SystemGraphics</Filter>
    </ClInclude>
    <ClInclude Include="SystemGraphics\Timer.h">
      <Filter>SystemGraphics</Filter>
    </ClInclude>
    <ClInclude Include="Config\Difficulty.h">
      <Filter>Config</Filter>
    </ClInclude>
    <ClInclude Include="SystemGraphics\GameClear.h">
      <Filter>SystemGraphics</Filter>
    </ClInclude>
    <ClInclude Include="SaveLoad\SaveLoad.h">
      <Filter>SaveLoad</Filter>
    </ClInclude>
  </ItemGroup>
  <ItemGroup>
    <ResourceCompile Include="Game.rc">
      <Filter>Resource Files</Filter>
    </ResourceCompile>
  </ItemGroup>
  <ItemGroup>
    <MeshContentTask Include="Assets\modelData\unityChan.fbx">
      <Filter>Assets\modelData</Filter>
    </MeshContentTask>
    <MeshContentTask Include="Assets\modelData\Theif\Thethief_H.FBX">
      <Filter>Assets\modelData\Theif</Filter>
    </MeshContentTask>
    <MeshContentTask Include="Assets\modelData\map\tesmap.fbx">
      <Filter>Assets\modelData\map</Filter>
    </MeshContentTask>
    <MeshContentTask Include="Assets\modelData\pixie\pixie.FBX">
      <Filter>Assets\modelData\pixie</Filter>
    </MeshContentTask>
    <MeshContentTask Include="Assets\modelData\map\right.FBX">
      <Filter>Assets\modelData\map</Filter>
    </MeshContentTask>
    <MeshContentTask Include="Assets\modelData\map\leftkarb.FBX">
      <Filter>Assets\modelData\map</Filter>
    </MeshContentTask>
    <MeshContentTask Include="Assets\modelData\map\end.FBX">
      <Filter>Assets\modelData\map</Filter>
    </MeshContentTask>
    <MeshContentTask Include="Assets\modelData\map\start.FBX">
      <Filter>Assets\modelData\map</Filter>
    </MeshContentTask>
    <MeshContentTask Include="Assets\modelData\map\road.FBX">
      <Filter>Assets\modelData\map</Filter>
    </MeshContentTask>
    <MeshContentTask Include="Assets\modelData\map\rightkarb.FBX">
      <Filter>Assets\modelData\map</Filter>
    </MeshContentTask>
    <MeshContentTask Include="Assets\modelData\map\tile.FBX">
      <Filter>Assets\modelData\map</Filter>
    </MeshContentTask>
    <MeshContentTask Include="Assets\modelData\tes\bone.fbx">
      <Filter>Assets\modelData\tes</Filter>
    </MeshContentTask>
    <MeshContentTask Include="Assets\modelData\mamono\mamono.fbx">
      <Filter>Assets\modelData\mamono</Filter>
    </MeshContentTask>
    <MeshContentTask Include="Assets\modelData\map\Q.FBX">
      <Filter>Assets\modelData\map</Filter>
    </MeshContentTask>
    <MeshContentTask Include="Assets\modelData\mamono\mamono.2.fbx">
      <Filter>Assets\modelData\mamono</Filter>
    </MeshContentTask>
    <MeshContentTask Include="Assets\modelData\mamono\mamono.3.fbx">
      <Filter>Assets\modelData\mamono</Filter>
    </MeshContentTask>
    <MeshContentTask Include="Assets\modelData\op\block.FBX">
      <Filter>Assets\modelData\op</Filter>
    </MeshContentTask>
    <MeshContentTask Include="Assets\modelData\op\Ground.FBX">
      <Filter>Assets\modelData\op</Filter>
    </MeshContentTask>
    <MeshContentTask Include="Assets\modelData\op\Groundslim.FBX">
      <Filter>Assets\modelData\op</Filter>
    </MeshContentTask>
    <MeshContentTask Include="Assets\modelData\map\sky.FBX">
      <Filter>Assets\modelData\map</Filter>
    </MeshContentTask>
    <MeshContentTask Include="Assets\modelData\map\sky_night.fbx">
      <Filter>Assets\modelData\map</Filter>
    </MeshContentTask>
  </ItemGroup>
  <ItemGroup>
    <ImageContentTask Include="Assets\sprite\dummy.png">
      <Filter>Assets\sprite</Filter>
    </ImageContentTask>
    <ImageContentTask Include="Assets\sprite\point.png" />
    <ImageContentTask Include="Assets\sprite\fade.png" />
    <ImageContentTask Include="Assets\sprite\cell\cell_config.png" />
    <ImageContentTask Include="Assets\sprite\cell\cell_diff.png" />
    <ImageContentTask Include="Assets\sprite\cell\cell_end.png" />
    <ImageContentTask Include="Assets\sprite\cell\cell_start.png" />
    <ImageContentTask Include="Assets\sprite\timer\hand.png" />
    <ImageContentTask Include="Assets\sprite\timer\timer.png" />
    <ImageContentTask Include="Assets\sprite\fade_white.png" />
    <ImageContentTask Include="Assets\effect\Texture\Star.png" />
    <ImageContentTask Include="Assets\sprite\char\gc_c.png" />
    <ImageContentTask Include="Assets\sprite\char\gc_e.png" />
    <ImageContentTask Include="Assets\sprite\char\gc_i.png" />
    <ImageContentTask Include="Assets\sprite\char\gc_l.png" />
    <ImageContentTask Include="Assets\sprite\char\gc_m.png" />
    <ImageContentTask Include="Assets\sprite\char\gc_o.png" />
    <ImageContentTask Include="Assets\sprite\char\gc_p.png" />
    <ImageContentTask Include="Assets\sprite\char\gc_r.png" />
    <ImageContentTask Include="Assets\sprite\char\gc_r_l.png" />
    <ImageContentTask Include="Assets\sprite\char\gc_s.png" />
    <ImageContentTask Include="Assets\sprite\char\gc_t.png" />
    <ImageContentTask Include="Assets\sprite\char\gc_u.png" />
    <ImageContentTask Include="Assets\sprite\char\gc_x.png" />
  </ItemGroup>
  <ItemGroup>
    <CustomBuild Include="Assets\modelData\pixie\pixie.tks" />
    <CustomBuild Include="Assets\effect\krkr.efk" />
  </ItemGroup>
  <ItemGroup>
    <None Include="Assets\save.sid">
      <Filter>Assets</Filter>
    </None>
  </ItemGroup>
  <ItemGroup>
    <Image Include="Assets\sprite\go\go_title.png">
      <Filter>Assets\sprite\go</Filter>
    </Image>
    <Image Include="Assets\sprite\go\go_marker.png">
      <Filter>Assets\sprite\go</Filter>
    </Image>
    <Image Include="Assets\sprite\go\go_retry.png">
      <Filter>Assets\sprite\go</Filter>
    </Image>
  </ItemGroup>
</Project>